# This file is generated by running "yarn install" inside your project.
# Manual changes might be lost - proceed with caution!

__metadata:
  version: 6
  cacheKey: 8

"debug@npm:2.6.9":
  version: 2.6.9
  resolution: "debug@npm:2.6.9"
  dependencies:
    ms: "npm:2.0.0"
  checksum: aaaa
  languageName: node
  linkType: hard

"express@npm:^4.19.2":
  version: 4.19.2
  resolution: "express@npm:4.19.2"
  dependencies:
    debug: "npm:2.6.9"
  checksum: bbbb
  languageName: node
  linkType: hard

"ms@npm:2.0.0":
  version: 2.0.0
  resolution: "ms@npm:2.0.0"
  checksum: cccc
  languageName: node
  linkType: hard
