lockfileVersion: '9.0'

settings:
  autoInstallPeers: true
  excludeLinksFromLockfile: false

importers:

  .:
    dependencies:
      express:
        specifier: ^4.19.2
        version: 4.19.2
    devDependencies:
      jest:
        specifier: ^29.7.0
        version: 29.7.0

packages:

  express@4.19.2:
    resolution: {integrity: sha512-aaaa}
    engines: {node: '>= 0.10.0'}

  debug@2.6.9:
    resolution: {integrity: sha512-bbbb}

  ms@2.0.0:
    resolution: {integrity: sha512-cccc}

  jest@29.7.0:
    resolution: {integrity: sha512-dddd}

  chalk@4.1.2:
    resolution: {integrity: sha512-eeee}

snapshots:

  express@4.19.2:
    dependencies:
      debug: 2.6.9

  debug@2.6.9:
    dependencies:
      ms: 2.0.0

  ms@2.0.0: {}

  jest@29.7.0:
    dependencies:
      chalk: 4.1.2

  chalk@4.1.2: {}
