# THIS IS AN AUTOGENERATED FILE. DO NOT EDIT THIS FILE DIRECTLY.
# yarn lockfile v1


"@scope/widget@^2.0.0":
  version "2.0.1"
  resolved "https://registry.yarnpkg.com/@scope/widget/-/widget-2.0.1.tgz#abc"
  integrity sha512-aaaa
  dependencies:
    ms "^2.1.3"

debug@2.6.9:
  version "2.6.9"
  resolved "https://registry.yarnpkg.com/debug/-/debug-2.6.9.tgz#def"
  integrity sha512-bbbb
  dependencies:
    ms "2.0.0"

express@^4.19.2:
  version "4.19.2"
  resolved "https://registry.yarnpkg.com/express/-/express-4.19.2.tgz#ghi"
  integrity sha512-cccc
  dependencies:
    debug "2.6.9"

ms@2.0.0:
  version "2.0.0"
  resolved "https://registry.yarnpkg.com/ms/-/ms-2.0.0.tgz#jkl"
  integrity sha512-dddd

ms@^2.1.3:
  version "2.1.3"
  resolved "https://registry.yarnpkg.com/ms/-/ms-2.1.3.tgz#mno"
  integrity sha512-eeee

app-ui@^1.0.0:
  version "1.0.0"
  resolved "https://registry.yarnpkg.com/app-ui/-/app-ui-1.0.0.tgz#pqr"
  integrity sha512-ffff
  dependencies:
    "@scope/widget" "^2.0.0"
